
Microsoft Visual Studio Solution File, Format Version 12.00
# Visual Studio Version 16
VisualStudioVersion = 16.0.29806.167
MinimumVisualStudioVersion = 10.0.40219.1
Project("{9A19103F-16F7-4668-BE54-9A1E7A4F7556}") = "API", "API\API.csproj", "{84319DE4-6EB4-43EE-BEEA-7C23D227972F}"
	ProjectSection(ProjectDependencies) = postProject
		{4D48A7F5-EB13-460E-8323-B14D4806D121} = {4D48A7F5-EB13-460E-8323-B14D4806D121}
	EndProjectSection
EndProject
Project("{2150E333-8FDC-42A3-9474-1A3956D46DE8}") = "Identity", "Identity", "{78B085ED-AD13-4610-8B83-1968C99339C9}"
EndProject
Project("{9A19103F-16F7-4668-BE54-9A1E7A4F7556}") = "Identity.Service", "Identity\Identity.Service\Identity.Service.csproj", "{953D4B89-E51A-43BB-8481-1134AB2B8C3E}"
EndProject
Project("{E53339B2-1760-4266-BCC7-CA923CBCF16C}") = "docker-compose", "docker-compose.dcproj", "{36DE57D3-B2CA-4398-819B-5C19CC6A77CE}"
EndProject
Project("{2150E333-8FDC-42A3-9474-1A3956D46DE8}") = "Protos", "Protos", "{AF1A030E-BC6C-4C70-88D3-6E65F00B6395}"
	ProjectSection(SolutionItems) = preProject
		Identity\Protos\account.proto = Identity\Protos\account.proto
		Identity\Protos\authentication.proto = Identity\Protos\authentication.proto
		Identity\Protos\common.proto = Identity\Protos\common.proto
		Identity\Protos\domains.proto = Identity\Protos\domains.proto
		Identity\Protos\projects.proto = Identity\Protos\projects.proto
		Identity\Protos\users.proto = Identity\Protos\users.proto
	EndProjectSection
EndProject
Project("{9A19103F-16F7-4668-BE54-9A1E7A4F7556}") = "Shared", "Shared\Shared.csproj", "{4D48A7F5-EB13-460E-8323-B14D4806D121}"
EndProject
Project("{9A19103F-16F7-4668-BE54-9A1E7A4F7556}") = "Identity.Test", "Identity\Identity.Test\Identity.Test.csproj", "{CCCF5A5A-CE2A-462B-ABC6-C5118C1E2D93}"
EndProject
Project("{2150E333-8FDC-42A3-9474-1A3956D46DE8}") = "Expenses", "Expenses", "{20E147B3-FF61-4A75-8C25-40FE6F862DC1}"
EndProject
Project("{2150E333-8FDC-42A3-9474-1A3956D46DE8}") = "Protos", "Protos", "{4164EAD5-5DB4-4AF8-A184-1B78D0254D96}"
	ProjectSection(SolutionItems) = preProject
		Expenses\Protos\balance.proto = Expenses\Protos\balance.proto
		Expenses\Protos\common.proto = Expenses\Protos\common.proto
	EndProjectSection
EndProject
Project("{9A19103F-16F7-4668-BE54-9A1E7A4F7556}") = "Expenses.Service", "Expenses\Expenses.Service\Expenses.Service.csproj", "{37235BC0-3B2B-4AC0-9D75-6A00088FBDF0}"
EndProject
Project("{9A19103F-16F7-4668-BE54-9A1E7A4F7556}") = "Expenses.Test", "Expenses\Expenses.Test\Expenses.Test.csproj", "{F5D0C5AE-0A7A-489B-947A-6A2489E66AB5}"
EndProject
Global
	GlobalSection(SolutionConfigurationPlatforms) = preSolution
		Debug|Any CPU = Debug|Any CPU
		Release|Any CPU = Release|Any CPU
	EndGlobalSection
	GlobalSection(ProjectConfigurationPlatforms) = postSolution
		{84319DE4-6EB4-43EE-BEEA-7C23D227972F}.Debug|Any CPU.ActiveCfg = Debug|Any CPU
		{84319DE4-6EB4-43EE-BEEA-7C23D227972F}.Debug|Any CPU.Build.0 = Debug|Any CPU
		{84319DE4-6EB4-43EE-BEEA-7C23D227972F}.Release|Any CPU.ActiveCfg = Release|Any CPU
		{84319DE4-6EB4-43EE-BEEA-7C23D227972F}.Release|Any CPU.Build.0 = Release|Any CPU
		{953D4B89-E51A-43BB-8481-1134AB2B8C3E}.Debug|Any CPU.ActiveCfg = Debug|Any CPU
		{953D4B89-E51A-43BB-8481-1134AB2B8C3E}.Debug|Any CPU.Build.0 = Debug|Any CPU
		{953D4B89-E51A-43BB-8481-1134AB2B8C3E}.Release|Any CPU.ActiveCfg = Release|Any CPU
		{953D4B89-E51A-43BB-8481-1134AB2B8C3E}.Release|Any CPU.Build.0 = Release|Any CPU
		{36DE57D3-B2CA-4398-819B-5C19CC6A77CE}.Debug|Any CPU.ActiveCfg = Debug|Any CPU
		{36DE57D3-B2CA-4398-819B-5C19CC6A77CE}.Debug|Any CPU.Build.0 = Debug|Any CPU
		{36DE57D3-B2CA-4398-819B-5C19CC6A77CE}.Release|Any CPU.ActiveCfg = Release|Any CPU
		{36DE57D3-B2CA-4398-819B-5C19CC6A77CE}.Release|Any CPU.Build.0 = Release|Any CPU
		{4D48A7F5-EB13-460E-8323-B14D4806D121}.Debug|Any CPU.ActiveCfg = Debug|Any CPU
		{4D48A7F5-EB13-460E-8323-B14D4806D121}.Debug|Any CPU.Build.0 = Debug|Any CPU
		{4D48A7F5-EB13-460E-8323-B14D4806D121}.Release|Any CPU.ActiveCfg = Release|Any CPU
		{4D48A7F5-EB13-460E-8323-B14D4806D121}.Release|Any CPU.Build.0 = Release|Any CPU
		{CCCF5A5A-CE2A-462B-ABC6-C5118C1E2D93}.Debug|Any CPU.ActiveCfg = Debug|Any CPU
		{CCCF5A5A-CE2A-462B-ABC6-C5118C1E2D93}.Debug|Any CPU.Build.0 = Debug|Any CPU
		{CCCF5A5A-CE2A-462B-ABC6-C5118C1E2D93}.Release|Any CPU.ActiveCfg = Release|Any CPU
		{CCCF5A5A-CE2A-462B-ABC6-C5118C1E2D93}.Release|Any CPU.Build.0 = Release|Any CPU
		{37235BC0-3B2B-4AC0-9D75-6A00088FBDF0}.Debug|Any CPU.ActiveCfg = Debug|Any CPU
		{37235BC0-3B2B-4AC0-9D75-6A00088FBDF0}.Debug|Any CPU.Build.0 = Debug|Any CPU
		{37235BC0-3B2B-4AC0-9D75-6A00088FBDF0}.Release|Any CPU.ActiveCfg = Release|Any CPU
		{37235BC0-3B2B-4AC0-9D75-6A00088FBDF0}.Release|Any CPU.Build.0 = Release|Any CPU
		{F5D0C5AE-0A7A-489B-947A-6A2489E66AB5}.Debug|Any CPU.ActiveCfg = Debug|Any CPU
		{F5D0C5AE-0A7A-489B-947A-6A2489E66AB5}.Debug|Any CPU.Build.0 = Debug|Any CPU
		{F5D0C5AE-0A7A-489B-947A-6A2489E66AB5}.Release|Any CPU.ActiveCfg = Release|Any CPU
		{F5D0C5AE-0A7A-489B-947A-6A2489E66AB5}.Release|Any CPU.Build.0 = Release|Any CPU
	EndGlobalSection
	GlobalSection(SolutionProperties) = preSolution
		HideSolutionNode = FALSE
	EndGlobalSection
	GlobalSection(NestedProjects) = preSolution
		{953D4B89-E51A-43BB-8481-1134AB2B8C3E} = {78B085ED-AD13-4610-8B83-1968C99339C9}
		{AF1A030E-BC6C-4C70-88D3-6E65F00B6395} = {78B085ED-AD13-4610-8B83-1968C99339C9}
		{CCCF5A5A-CE2A-462B-ABC6-C5118C1E2D93} = {78B085ED-AD13-4610-8B83-1968C99339C9}
		{4164EAD5-5DB4-4AF8-A184-1B78D0254D96} = {20E147B3-FF61-4A75-8C25-40FE6F862DC1}
		{37235BC0-3B2B-4AC0-9D75-6A00088FBDF0} = {20E147B3-FF61-4A75-8C25-40FE6F862DC1}
		{F5D0C5AE-0A7A-489B-947A-6A2489E66AB5} = {20E147B3-FF61-4A75-8C25-40FE6F862DC1}
	EndGlobalSection
	GlobalSection(ExtensibilityGlobals) = postSolution
		SolutionGuid = {C116664B-0F4A-44B7-B6E1-FF14035BE60C}
	EndGlobalSection
EndGlobal
